
Microsoft Visual Studio Solution File, Format Version 12.00
# Visual Studio Version 17
VisualStudioVersion = 17.14.36414.22
MinimumVisualStudioVersion = 10.0.40219.1
Project("{FAE04EC0-301F-11D3-BF4B-00C04F79EFBC}") = "Aufgabe 01", "Aufgabe 1\Aufgabe 01.csproj", "{73CF1E32-048D-4C13-9CA6-649795CC3951}"
EndProject
Project("{FAE04EC0-301F-11D3-BF4B-00C04F79EFBC}") = "Aufgabe 02", "Aufgabe 2\Aufgabe 02.csproj", "{DE80D0A1-80D0-4328-B29E-B75F5F1CAB2D}"
EndProject
Project("{FAE04EC0-301F-11D3-BF4B-00C04F79EFBC}") = "Aufgabe 03", "Aufgabe 3\Aufgabe 03.csproj", "{9427773B-060D-4B7D-925D-9414F9569943}"
EndProject
Project("{FAE04EC0-301F-11D3-BF4B-00C04F79EFBC}") = "Aufgabe 04", "Aufgabe 4\Aufgabe 04.csproj", "{796D61BF-B93B-48C3-9FE8-A818210A3247}"
EndProject
Project("{FAE04EC0-301F-11D3-BF4B-00C04F79EFBC}") = "Aufgabe 05", "Aufgabe 5\Aufgabe 05.csproj", "{285F4711-C5E5-494E-949A-95F1FD22A7FD}"
EndProject
Project("{FAE04EC0-301F-11D3-BF4B-00C04F79EFBC}") = "Aufgabe 06", "Aufgabe 6\Aufgabe 06.csproj", "{37972B8D-8400-4232-9B94-7E3833854ECC}"
EndProject
Project("{FAE04EC0-301F-11D3-BF4B-00C04F79EFBC}") = "Aufgabe 07", "Aufgabe 7\Aufgabe 07.csproj", "{0838A269-6070-4673-8891-EA36F776E3AC}"
EndProject
Project("{FAE04EC0-301F-11D3-BF4B-00C04F79EFBC}") = "Aufgabe 08", "Aufgabe 8\Aufgabe 08.csproj", "{10EC095E-E1B9-4AE4-8EE7-D88D59D8E456}"
EndProject
Project("{FAE04EC0-301F-11D3-BF4B-00C04F79EFBC}") = "Aufgabe 09", "Aufgabe 9\Aufgabe 09.csproj", "{27B47685-31C2-4E68-A81E-D5B5572F3482}"
EndProject
Project("{FAE04EC0-301F-11D3-BF4B-00C04F79EFBC}") = "Aufgabe 10", "Aufgabe 10\Aufgabe 10.csproj", "{C64799A4-5FA6-4031-810C-4CA5CE205576}"
EndProject
Project("{FAE04EC0-301F-11D3-BF4B-00C04F79EFBC}") = "Aufgabe 11", "Aufgabe 11\Aufgabe 11.csproj", "{435961A6-B402-4A8D-8178-E0493265C2E8}"
EndProject
Project("{FAE04EC0-301F-11D3-BF4B-00C04F79EFBC}") = "Aufgabe 12", "Aufgabe 12\Aufgabe 12.csproj", "{D7C8C616-CDCC-4175-8C26-45B10C0F69AF}"
EndProject
Project("{FAE04EC0-301F-11D3-BF4B-00C04F79EFBC}") = "Aufgabe 13", "Aufgabe 13\Aufgabe 13.csproj", "{E9B5FE2F-6C96-4248-9B9E-538F4F558AFE}"
EndProject
Project("{FAE04EC0-301F-11D3-BF4B-00C04F79EFBC}") = "Aufgabe 14", "Aufgabe 14\Aufgabe 14.csproj", "{79960921-EC88-4F44-9082-9F39C13619B1}"
EndProject
Project("{FAE04EC0-301F-11D3-BF4B-00C04F79EFBC}") = "Aufgabe 15", "Aufgabe 15\Aufgabe 15.csproj", "{2A6D5158-2412-4A83-8076-672D93B61E81}"
EndProject
Global
	GlobalSection(SolutionConfigurationPlatforms) = preSolution
		Debug|Any CPU = Debug|Any CPU
		Release|Any CPU = Release|Any CPU
	EndGlobalSection
	GlobalSection(ProjectConfigurationPlatforms) = postSolution
		{73CF1E32-048D-4C13-9CA6-649795CC3951}.Debug|Any CPU.ActiveCfg = Debug|Any CPU
		{73CF1E32-048D-4C13-9CA6-649795CC3951}.Debug|Any CPU.Build.0 = Debug|Any CPU
		{73CF1E32-048D-4C13-9CA6-649795CC3951}.Release|Any CPU.ActiveCfg = Release|Any CPU
		{73CF1E32-048D-4C13-9CA6-649795CC3951}.Release|Any CPU.Build.0 = Release|Any CPU
		{DE80D0A1-80D0-4328-B29E-B75F5F1CAB2D}.Debug|Any CPU.ActiveCfg = Debug|Any CPU
		{DE80D0A1-80D0-4328-B29E-B75F5F1CAB2D}.Debug|Any CPU.Build.0 = Debug|Any CPU
		{DE80D0A1-80D0-4328-B29E-B75F5F1CAB2D}.Release|Any CPU.ActiveCfg = Release|Any CPU
		{DE80D0A1-80D0-4328-B29E-B75F5F1CAB2D}.Release|Any CPU.Build.0 = Release|Any CPU
		{9427773B-060D-4B7D-925D-9414F9569943}.Debug|Any CPU.ActiveCfg = Debug|Any CPU
		{9427773B-060D-4B7D-925D-9414F9569943}.Debug|Any CPU.Build.0 = Debug|Any CPU
		{9427773B-060D-4B7D-925D-9414F9569943}.Release|Any CPU.ActiveCfg = Release|Any CPU
		{9427773B-060D-4B7D-925D-9414F9569943}.Release|Any CPU.Build.0 = Release|Any CPU
		{796D61BF-B93B-48C3-9FE8-A818210A3247}.Debug|Any CPU.ActiveCfg = Debug|Any CPU
		{796D61BF-B93B-48C3-9FE8-A818210A3247}.Debug|Any CPU.Build.0 = Debug|Any CPU
		{796D61BF-B93B-48C3-9FE8-A818210A3247}.Release|Any CPU.ActiveCfg = Release|Any CPU
		{796D61BF-B93B-48C3-9FE8-A818210A3247}.Release|Any CPU.Build.0 = Release|Any CPU
		{285F4711-C5E5-494E-949A-95F1FD22A7FD}.Debug|Any CPU.ActiveCfg = Debug|Any CPU
		{285F4711-C5E5-494E-949A-95F1FD22A7FD}.Debug|Any CPU.Build.0 = Debug|Any CPU
		{285F4711-C5E5-494E-949A-95F1FD22A7FD}.Release|Any CPU.ActiveCfg = Release|Any CPU
		{285F4711-C5E5-494E-949A-95F1FD22A7FD}.Release|Any CPU.Build.0 = Release|Any CPU
		{37972B8D-8400-4232-9B94-7E3833854ECC}.Debug|Any CPU.ActiveCfg = Debug|Any CPU
		{37972B8D-8400-4232-9B94-7E3833854ECC}.Debug|Any CPU.Build.0 = Debug|Any CPU
		{37972B8D-8400-4232-9B94-7E3833854ECC}.Release|Any CPU.ActiveCfg = Release|Any CPU
		{37972B8D-8400-4232-9B94-7E3833854ECC}.Release|Any CPU.Build.0 = Release|Any CPU
		{0838A269-6070-4673-8891-EA36F776E3AC}.Debug|Any CPU.ActiveCfg = Debug|Any CPU
		{0838A269-6070-4673-8891-EA36F776E3AC}.Debug|Any CPU.Build.0 = Debug|Any CPU
		{0838A269-6070-4673-8891-EA36F776E3AC}.Release|Any CPU.ActiveCfg = Release|Any CPU
		{0838A269-6070-4673-8891-EA36F776E3AC}.Release|Any CPU.Build.0 = Release|Any CPU
		{10EC095E-E1B9-4AE4-8EE7-D88D59D8E456}.Debug|Any CPU.ActiveCfg = Debug|Any CPU
		{10EC095E-E1B9-4AE4-8EE7-D88D59D8E456}.Debug|Any CPU.Build.0 = Debug|Any CPU
		{10EC095E-E1B9-4AE4-8EE7-D88D59D8E456}.Release|Any CPU.ActiveCfg = Release|Any CPU
		{10EC095E-E1B9-4AE4-8EE7-D88D59D8E456}.Release|Any CPU.Build.0 = Release|Any CPU
		{27B47685-31C2-4E68-A81E-D5B5572F3482}.Debug|Any CPU.ActiveCfg = Debug|Any CPU
		{27B47685-31C2-4E68-A81E-D5B5572F3482}.Debug|Any CPU.Build.0 = Debug|Any CPU
		{27B47685-31C2-4E68-A81E-D5B5572F3482}.Release|Any CPU.ActiveCfg = Release|Any CPU
		{27B47685-31C2-4E68-A81E-D5B5572F3482}.Release|Any CPU.Build.0 = Release|Any CPU
		{C64799A4-5FA6-4031-810C-4CA5CE205576}.Debug|Any CPU.ActiveCfg = Debug|Any CPU
		{C64799A4-5FA6-4031-810C-4CA5CE205576}.Debug|Any CPU.Build.0 = Debug|Any CPU
		{C64799A4-5FA6-4031-810C-4CA5CE205576}.Release|Any CPU.ActiveCfg = Release|Any CPU
		{C64799A4-5FA6-4031-810C-4CA5CE205576}.Release|Any CPU.Build.0 = Release|Any CPU
		{435961A6-B402-4A8D-8178-E0493265C2E8}.Debug|Any CPU.ActiveCfg = Debug|Any CPU
		{435961A6-B402-4A8D-8178-E0493265C2E8}.Debug|Any CPU.Build.0 = Debug|Any CPU
		{435961A6-B402-4A8D-8178-E0493265C2E8}.Release|Any CPU.ActiveCfg = Release|Any CPU
		{435961A6-B402-4A8D-8178-E0493265C2E8}.Release|Any CPU.Build.0 = Release|Any CPU
		{D7C8C616-CDCC-4175-8C26-45B10C0F69AF}.Debug|Any CPU.ActiveCfg = Debug|Any CPU
		{D7C8C616-CDCC-4175-8C26-45B10C0F69AF}.Debug|Any CPU.Build.0 = Debug|Any CPU
		{D7C8C616-CDCC-4175-8C26-45B10C0F69AF}.Release|Any CPU.ActiveCfg = Release|Any CPU
		{D7C8C616-CDCC-4175-8C26-45B10C0F69AF}.Release|Any CPU.Build.0 = Release|Any CPU
		{E9B5FE2F-6C96-4248-9B9E-538F4F558AFE}.Debug|Any CPU.ActiveCfg = Debug|Any CPU
		{E9B5FE2F-6C96-4248-9B9E-538F4F558AFE}.Debug|Any CPU.Build.0 = Debug|Any CPU
		{E9B5FE2F-6C96-4248-9B9E-538F4F558AFE}.Release|Any CPU.ActiveCfg = Release|Any CPU
		{E9B5FE2F-6C96-4248-9B9E-538F4F558AFE}.Release|Any CPU.Build.0 = Release|Any CPU
		{79960921-EC88-4F44-9082-9F39C13619B1}.Debug|Any CPU.ActiveCfg = Debug|Any CPU
		{79960921-EC88-4F44-9082-9F39C13619B1}.Debug|Any CPU.Build.0 = Debug|Any CPU
		{79960921-EC88-4F44-9082-9F39C13619B1}.Release|Any CPU.ActiveCfg = Release|Any CPU
		{79960921-EC88-4F44-9082-9F39C13619B1}.Release|Any CPU.Build.0 = Release|Any CPU
		{2A6D5158-2412-4A83-8076-672D93B61E81}.Debug|Any CPU.ActiveCfg = Debug|Any CPU
		{2A6D5158-2412-4A83-8076-672D93B61E81}.Debug|Any CPU.Build.0 = Debug|Any CPU
		{2A6D5158-2412-4A83-8076-672D93B61E81}.Release|Any CPU.ActiveCfg = Release|Any CPU
		{2A6D5158-2412-4A83-8076-672D93B61E81}.Release|Any CPU.Build.0 = Release|Any CPU
	EndGlobalSection
	GlobalSection(SolutionProperties) = preSolution
		HideSolutionNode = FALSE
	EndGlobalSection
	GlobalSection(ExtensibilityGlobals) = postSolution
		SolutionGuid = {ACBBDB50-4A7F-4823-943C-F11098FFCCDB}
	EndGlobalSection
EndGlobal
