
Microsoft Visual Studio Solution File, Format Version 12.00
# Visual Studio Version 17
VisualStudioVersion = 17.14.36414.22 d17.14
MinimumVisualStudioVersion = 10.0.40219.1
Project("{FAE04EC0-301F-11D3-BF4B-00C04F79EFBC}") = "ConsoleApp1", "ConsoleApp1.csproj", "{6C7AEF84-5D24-40D4-8772-52994DB0235E}"
EndProject
Global
	GlobalSection(SolutionConfigurationPlatforms) = preSolution
		Debug|Any CPU = Debug|Any CPU
		Release|Any CPU = Release|Any CPU
	EndGlobalSection
	GlobalSection(ProjectConfigurationPlatforms) = postSolution
		{6C7AEF84-5D24-40D4-8772-52994DB0235E}.Debug|Any CPU.ActiveCfg = Debug|Any CPU
		{6C7AEF84-5D24-40D4-8772-52994DB0235E}.Debug|Any CPU.Build.0 = Debug|Any CPU
		{6C7AEF84-5D24-40D4-8772-52994DB0235E}.Release|Any CPU.ActiveCfg = Release|Any CPU
		{6C7AEF84-5D24-40D4-8772-52994DB0235E}.Release|Any CPU.Build.0 = Release|Any CPU
	EndGlobalSection
	GlobalSection(SolutionProperties) = preSolution
		HideSolutionNode = FALSE
	EndGlobalSection
	GlobalSection(ExtensibilityGlobals) = postSolution
		SolutionGuid = {C4E42C73-F3E8-4067-9DC1-93E7C377E0AA}
	EndGlobalSection
EndGlobal
