
Microsoft Visual Studio Solution File, Format Version 12.00
# Visual Studio Version 17
VisualStudioVersion = 17.14.36414.22 d17.14
MinimumVisualStudioVersion = 10.0.40219.1
Project("{FAE04EC0-301F-11D3-BF4B-00C04F79EFBC}") = "Aufgabe 12", "Aufgabe 12.csproj", "{753C58BB-6DB7-4331-90DF-DB072AE5E33E}"
EndProject
Global
	GlobalSection(SolutionConfigurationPlatforms) = preSolution
		Debug|Any CPU = Debug|Any CPU
		Release|Any CPU = Release|Any CPU
	EndGlobalSection
	GlobalSection(ProjectConfigurationPlatforms) = postSolution
		{753C58BB-6DB7-4331-90DF-DB072AE5E33E}.Debug|Any CPU.ActiveCfg = Debug|Any CPU
		{753C58BB-6DB7-4331-90DF-DB072AE5E33E}.Debug|Any CPU.Build.0 = Debug|Any CPU
		{753C58BB-6DB7-4331-90DF-DB072AE5E33E}.Release|Any CPU.ActiveCfg = Release|Any CPU
		{753C58BB-6DB7-4331-90DF-DB072AE5E33E}.Release|Any CPU.Build.0 = Release|Any CPU
	EndGlobalSection
	GlobalSection(SolutionProperties) = preSolution
		HideSolutionNode = FALSE
	EndGlobalSection
	GlobalSection(ExtensibilityGlobals) = postSolution
		SolutionGuid = {6DF0755A-1119-4647-8BAB-E42EC061B2A6}
	EndGlobalSection
EndGlobal
