
Microsoft Visual Studio Solution File, Format Version 12.00
# Visual Studio Version 17
VisualStudioVersion = 17.14.36414.22 d17.14
MinimumVisualStudioVersion = 10.0.40219.1
Project("{FAE04EC0-301F-11D3-BF4B-00C04F79EFBC}") = "Aufgabe 13", "Aufgabe 13.csproj", "{6B7696B8-C630-4588-929A-FDF0DCCB0373}"
EndProject
Global
	GlobalSection(SolutionConfigurationPlatforms) = preSolution
		Debug|Any CPU = Debug|Any CPU
		Release|Any CPU = Release|Any CPU
	EndGlobalSection
	GlobalSection(ProjectConfigurationPlatforms) = postSolution
		{6B7696B8-C630-4588-929A-FDF0DCCB0373}.Debug|Any CPU.ActiveCfg = Debug|Any CPU
		{6B7696B8-C630-4588-929A-FDF0DCCB0373}.Debug|Any CPU.Build.0 = Debug|Any CPU
		{6B7696B8-C630-4588-929A-FDF0DCCB0373}.Release|Any CPU.ActiveCfg = Release|Any CPU
		{6B7696B8-C630-4588-929A-FDF0DCCB0373}.Release|Any CPU.Build.0 = Release|Any CPU
	EndGlobalSection
	GlobalSection(SolutionProperties) = preSolution
		HideSolutionNode = FALSE
	EndGlobalSection
	GlobalSection(ExtensibilityGlobals) = postSolution
		SolutionGuid = {AC9C3531-D06B-4C67-AD1F-81096B19E5DF}
	EndGlobalSection
EndGlobal
